
Microsoft Visual Studio Solution File, Format Version 12.00
# Visual Studio Version 17
VisualStudioVersion = 17.12.35521.163 d17.12
MinimumVisualStudioVersion = 10.0.40219.1
Project("{FAE04EC0-301F-11D3-BF4B-00C04F79EFBC}") = "HotelManagement.WebAPI", "HotelManagement.WebAPI\HotelManagement.WebAPI.csproj", "{9B63FCBC-CFC0-4E7E-AEC9-8DAC57C05093}"
EndProject
Project("{FAE04EC0-301F-11D3-BF4B-00C04F79EFBC}") = "HotelManagement.Core", "HotelManagement.Core\HotelManagement.Core.csproj", "{6876A02D-E127-41E2-9317-A6268C2D7D61}"
EndProject
Project("{FAE04EC0-301F-11D3-BF4B-00C04F79EFBC}") = "HotelManagement.Infrastructure", "HotelManagement.Infrastructure\HotelManagement.Infrastructure.csproj", "{2B2741D5-90B9-43AF-9337-D4D6E21FB8B8}"
EndProject
Project("{FAE04EC0-301F-11D3-BF4B-00C04F79EFBC}") = "HotelManagement.Application", "HotelManagement.Application\HotelManagement.Application.csproj", "{1F3827CC-1F29-48C8-918A-DC43F1CD827D}"
EndProject
Global
	GlobalSection(SolutionConfigurationPlatforms) = preSolution
		Debug|Any CPU = Debug|Any CPU
		Release|Any CPU = Release|Any CPU
	EndGlobalSection
	GlobalSection(ProjectConfigurationPlatforms) = postSolution
		{9B63FCBC-CFC0-4E7E-AEC9-8DAC57C05093}.Debug|Any CPU.ActiveCfg = Debug|Any CPU
		{9B63FCBC-CFC0-4E7E-AEC9-8DAC57C05093}.Debug|Any CPU.Build.0 = Debug|Any CPU
		{9B63FCBC-CFC0-4E7E-AEC9-8DAC57C05093}.Release|Any CPU.ActiveCfg = Release|Any CPU
		{9B63FCBC-CFC0-4E7E-AEC9-8DAC57C05093}.Release|Any CPU.Build.0 = Release|Any CPU
		{6876A02D-E127-41E2-9317-A6268C2D7D61}.Debug|Any CPU.ActiveCfg = Debug|Any CPU
		{6876A02D-E127-41E2-9317-A6268C2D7D61}.Debug|Any CPU.Build.0 = Debug|Any CPU
		{6876A02D-E127-41E2-9317-A6268C2D7D61}.Release|Any CPU.ActiveCfg = Release|Any CPU
		{6876A02D-E127-41E2-9317-A6268C2D7D61}.Release|Any CPU.Build.0 = Release|Any CPU
		{2B2741D5-90B9-43AF-9337-D4D6E21FB8B8}.Debug|Any CPU.ActiveCfg = Debug|Any CPU
		{2B2741D5-90B9-43AF-9337-D4D6E21FB8B8}.Debug|Any CPU.Build.0 = Debug|Any CPU
		{2B2741D5-90B9-43AF-9337-D4D6E21FB8B8}.Release|Any CPU.ActiveCfg = Release|Any CPU
		{2B2741D5-90B9-43AF-9337-D4D6E21FB8B8}.Release|Any CPU.Build.0 = Release|Any CPU
		{1F3827CC-1F29-48C8-918A-DC43F1CD827D}.Debug|Any CPU.ActiveCfg = Debug|Any CPU
		{1F3827CC-1F29-48C8-918A-DC43F1CD827D}.Debug|Any CPU.Build.0 = Debug|Any CPU
		{1F3827CC-1F29-48C8-918A-DC43F1CD827D}.Release|Any CPU.ActiveCfg = Release|Any CPU
		{1F3827CC-1F29-48C8-918A-DC43F1CD827D}.Release|Any CPU.Build.0 = Release|Any CPU
	EndGlobalSection
	GlobalSection(SolutionProperties) = preSolution
		HideSolutionNode = FALSE
	EndGlobalSection
EndGlobal
